
Microsoft Visual Studio Solution File, Format Version 12.00
# Visual Studio Version 17
VisualStudioVersion = 17.10.35013.160
MinimumVisualStudioVersion = 10.0.40219.1
Project("{FAE04EC0-301F-11D3-BF4B-00C04F79EFBC}") = "ConsoleProject1", "ConsoleProject1.csproj", "{D21768FD-6DEB-4647-BF2E-E9B311C25FC5}"
EndProject
Global
	GlobalSection(SolutionConfigurationPlatforms) = preSolution
		Debug|Any CPU = Debug|Any CPU
		Release|Any CPU = Release|Any CPU
	EndGlobalSection
	GlobalSection(ProjectConfigurationPlatforms) = postSolution
		{D21768FD-6DEB-4647-BF2E-E9B311C25FC5}.Debug|Any CPU.ActiveCfg = Debug|Any CPU
		{D21768FD-6DEB-4647-BF2E-E9B311C25FC5}.Debug|Any CPU.Build.0 = Debug|Any CPU
		{D21768FD-6DEB-4647-BF2E-E9B311C25FC5}.Release|Any CPU.ActiveCfg = Release|Any CPU
		{D21768FD-6DEB-4647-BF2E-E9B311C25FC5}.Release|Any CPU.Build.0 = Release|Any CPU
	EndGlobalSection
	GlobalSection(SolutionProperties) = preSolution
		HideSolutionNode = FALSE
	EndGlobalSection
	GlobalSection(ExtensibilityGlobals) = postSolution
		SolutionGuid = {D1ECD1B2-5DCF-4D5D-95F7-D2C1609DF835}
	EndGlobalSection
EndGlobal
